Microsoft Visual Studio Solution File, Format Version 11.00
# Visual Studio 2008

Project("{C8FBAE52-FEC0-D658-66B5-0CA38971C2B0}") = "academicPet", "Assembly-CSharp.csproj", "{C4CF663E-89BE-8263-2EB7-5F9980D8448B}"
EndProject
Global
	GlobalSection(SolutionConfigurationPlatforms) = preSolution
		Debug|Any CPU = Debug|Any CPU
		Release|Any CPU = Release|Any CPU
	EndGlobalSection
	GlobalSection(ProjectConfigurationPlatforms) = postSolution
		{C4CF663E-89BE-8263-2EB7-5F9980D8448B}.Debug|Any CPU.ActiveCfg = Debug|Any CPU
		{C4CF663E-89BE-8263-2EB7-5F9980D8448B}.Debug|Any CPU.Build.0 = Debug|Any CPU
		{C4CF663E-89BE-8263-2EB7-5F9980D8448B}.Release|Any CPU.ActiveCfg = Release|Any CPU
		{C4CF663E-89BE-8263-2EB7-5F9980D8448B}.Release|Any CPU.Build.0 = Release|Any CPU
	EndGlobalSection
	GlobalSection(SolutionProperties) = preSolution
		HideSolutionNode = FALSE
	EndGlobalSection
	GlobalSection(MonoDevelopProperties) = preSolution
		StartupItem = Assembly-CSharp.csproj
	EndGlobalSection
EndGlobal
